
Microsoft Visual Studio Solution File, Format Version 11.00
# Visual Studio 2010
Project("{8BC9CEB8-8B4A-11D0-8D11-00A0C91BC942}") = "tunnel", "tunnel\tunnel.vcxproj", "{EA232465-96F7-44B1-A8FC-D1EB48D588FD}"
EndProject
Global
	GlobalSection(SolutionConfigurationPlatforms) = preSolution
		Debug|Win32 = Debug|Win32
		Release|Win32 = Release|Win32
	EndGlobalSection
	GlobalSection(ProjectConfigurationPlatforms) = postSolution
		{EA232465-96F7-44B1-A8FC-D1EB48D588FD}.Debug|Win32.ActiveCfg = Debug|Win32
		{EA232465-96F7-44B1-A8FC-D1EB48D588FD}.Debug|Win32.Build.0 = Debug|Win32
		{EA232465-96F7-44B1-A8FC-D1EB48D588FD}.Release|Win32.ActiveCfg = Release|Win32
		{EA232465-96F7-44B1-A8FC-D1EB48D588FD}.Release|Win32.Build.0 = Release|Win32
	EndGlobalSection
	GlobalSection(SolutionProperties) = preSolution
		HideSolutionNode = FALSE
	EndGlobalSection
EndGlobal
